
Microsoft Visual Studio Solution File, Format Version 12.00
# Visual Studio Version 17
VisualStudioVersion = 17.11.35303.130
MinimumVisualStudioVersion = 10.0.40219.1
Project("{FAE04EC0-301F-11D3-BF4B-00C04F79EFBC}") = "Learn_DesignPatterns", "Learn_DesignPatterns.csproj", "{1EF68DC7-0E0D-4B39-B29B-D728ECE447DA}"
EndProject
Global
	GlobalSection(SolutionConfigurationPlatforms) = preSolution
		Debug|Any CPU = Debug|Any CPU
		Release|Any CPU = Release|Any CPU
	EndGlobalSection
	GlobalSection(ProjectConfigurationPlatforms) = postSolution
		{1EF68DC7-0E0D-4B39-B29B-D728ECE447DA}.Debug|Any CPU.ActiveCfg = Debug|Any CPU
		{1EF68DC7-0E0D-4B39-B29B-D728ECE447DA}.Debug|Any CPU.Build.0 = Debug|Any CPU
		{1EF68DC7-0E0D-4B39-B29B-D728ECE447DA}.Release|Any CPU.ActiveCfg = Release|Any CPU
		{1EF68DC7-0E0D-4B39-B29B-D728ECE447DA}.Release|Any CPU.Build.0 = Release|Any CPU
	EndGlobalSection
	GlobalSection(SolutionProperties) = preSolution
		HideSolutionNode = FALSE
	EndGlobalSection
	GlobalSection(ExtensibilityGlobals) = postSolution
		SolutionGuid = {61566629-456C-453D-B10E-778A899564C7}
	EndGlobalSection
EndGlobal
